
Microsoft Visual Studio Solution File, Format Version 12.00
# Visual Studio Version 17
VisualStudioVersion = 17.1.31911.260
MinimumVisualStudioVersion = 10.0.40219.1
Project("{FAE04EC0-301F-11D3-BF4B-00C04F79EFBC}") = "Webzine", "Webzine\Webzine.csproj", "{74939484-2F1D-4173-8ED3-1F20ED61FA34}"
EndProject
Global
	GlobalSection(SolutionConfigurationPlatforms) = preSolution
		Debug|Any CPU = Debug|Any CPU
		Release|Any CPU = Release|Any CPU
	EndGlobalSection
	GlobalSection(ProjectConfigurationPlatforms) = postSolution
		{74939484-2F1D-4173-8ED3-1F20ED61FA34}.Debug|Any CPU.ActiveCfg = Debug|Any CPU
		{74939484-2F1D-4173-8ED3-1F20ED61FA34}.Debug|Any CPU.Build.0 = Debug|Any CPU
		{74939484-2F1D-4173-8ED3-1F20ED61FA34}.Release|Any CPU.ActiveCfg = Release|Any CPU
		{74939484-2F1D-4173-8ED3-1F20ED61FA34}.Release|Any CPU.Build.0 = Release|Any CPU
	EndGlobalSection
	GlobalSection(SolutionProperties) = preSolution
		HideSolutionNode = FALSE
	EndGlobalSection
	GlobalSection(ExtensibilityGlobals) = postSolution
		SolutionGuid = {01ECF90E-52B2-4F5B-B9CB-B225B362A1ED}
	EndGlobalSection
EndGlobal
