
Microsoft Visual Studio Solution File, Format Version 12.00
# Visual Studio Version 17
VisualStudioVersion = 17.1.31911.260
MinimumVisualStudioVersion = 10.0.40219.1
Project("{9A19103F-16F7-4668-BE54-9A1E7A4F7556}") = "Webzine.WebApplication", "Webzine\Webzine.WebApplication.csproj", "{74939484-2F1D-4173-8ED3-1F20ED61FA34}"
EndProject
Project("{9A19103F-16F7-4668-BE54-9A1E7A4F7556}") = "Webzine.Entity", "Webzine.Entity\Webzine.Entity.csproj", "{569321EF-03CD-424A-BCDC-5CD02B4D77C9}"
EndProject
Project("{9A19103F-16F7-4668-BE54-9A1E7A4F7556}") = "Webzine.Entity.Tests", "Webzine.Entity.Tests\Webzine.Entity.Tests.csproj", "{9F2B9B6C-D4AC-43DF-84B8-E9C4FBBE332F}"
EndProject
Project("{9A19103F-16F7-4668-BE54-9A1E7A4F7556}") = "Webzine.Documentation", "Webzine.Documentation\Webzine.Documentation.csproj", "{AFF5B686-CB5C-42B4-BEA1-9D9D8F766316}"
EndProject
Project("{2150E333-8FDC-42A3-9474-1A3956D46DE8}") = "Solution Items", "Solution Items", "{91AD2E2B-2DFE-4452-948C-CA2555C7DD5D}"
	ProjectSection(SolutionItems) = preProject
		.editorconfig = .editorconfig
	EndProjectSection
EndProject
Project("{FAE04EC0-301F-11D3-BF4B-00C04F79EFBC}") = "Webzine.Repository", "Webzine.Repository\Webzine.Repository.csproj", "{FF1933C4-77F9-4D10-A941-9111099B446F}"
EndProject
Project("{FAE04EC0-301F-11D3-BF4B-00C04F79EFBC}") = "Webzine.Repository.Contracts", "Webzine.Repository.Contracts\Webzine.Repository.Contracts.csproj", "{9A0C3019-38E2-4173-8C73-F1E5F3F31578}"
EndProject
Project("{FAE04EC0-301F-11D3-BF4B-00C04F79EFBC}") = "Webzine.EntitiesContext", "Webzine.EntitiesContext\Webzine.EntitiesContext.csproj", "{9B02BB30-6836-46B7-8399-3BC0FF305319}"
EndProject
Global
	GlobalSection(SolutionConfigurationPlatforms) = preSolution
		Debug|Any CPU = Debug|Any CPU
		Release|Any CPU = Release|Any CPU
	EndGlobalSection
	GlobalSection(ProjectConfigurationPlatforms) = postSolution
		{74939484-2F1D-4173-8ED3-1F20ED61FA34}.Debug|Any CPU.ActiveCfg = Debug|Any CPU
		{74939484-2F1D-4173-8ED3-1F20ED61FA34}.Debug|Any CPU.Build.0 = Debug|Any CPU
		{74939484-2F1D-4173-8ED3-1F20ED61FA34}.Release|Any CPU.ActiveCfg = Release|Any CPU
		{74939484-2F1D-4173-8ED3-1F20ED61FA34}.Release|Any CPU.Build.0 = Release|Any CPU
		{569321EF-03CD-424A-BCDC-5CD02B4D77C9}.Debug|Any CPU.ActiveCfg = Debug|Any CPU
		{569321EF-03CD-424A-BCDC-5CD02B4D77C9}.Debug|Any CPU.Build.0 = Debug|Any CPU
		{569321EF-03CD-424A-BCDC-5CD02B4D77C9}.Release|Any CPU.ActiveCfg = Release|Any CPU
		{569321EF-03CD-424A-BCDC-5CD02B4D77C9}.Release|Any CPU.Build.0 = Release|Any CPU
		{9F2B9B6C-D4AC-43DF-84B8-E9C4FBBE332F}.Debug|Any CPU.ActiveCfg = Debug|Any CPU
		{9F2B9B6C-D4AC-43DF-84B8-E9C4FBBE332F}.Debug|Any CPU.Build.0 = Debug|Any CPU
		{9F2B9B6C-D4AC-43DF-84B8-E9C4FBBE332F}.Release|Any CPU.ActiveCfg = Release|Any CPU
		{9F2B9B6C-D4AC-43DF-84B8-E9C4FBBE332F}.Release|Any CPU.Build.0 = Release|Any CPU
		{AFF5B686-CB5C-42B4-BEA1-9D9D8F766316}.Debug|Any CPU.ActiveCfg = Debug|Any CPU
		{AFF5B686-CB5C-42B4-BEA1-9D9D8F766316}.Debug|Any CPU.Build.0 = Debug|Any CPU
		{AFF5B686-CB5C-42B4-BEA1-9D9D8F766316}.Release|Any CPU.ActiveCfg = Release|Any CPU
		{AFF5B686-CB5C-42B4-BEA1-9D9D8F766316}.Release|Any CPU.Build.0 = Release|Any CPU
		{FF1933C4-77F9-4D10-A941-9111099B446F}.Debug|Any CPU.ActiveCfg = Debug|Any CPU
		{FF1933C4-77F9-4D10-A941-9111099B446F}.Debug|Any CPU.Build.0 = Debug|Any CPU
		{FF1933C4-77F9-4D10-A941-9111099B446F}.Release|Any CPU.ActiveCfg = Release|Any CPU
		{FF1933C4-77F9-4D10-A941-9111099B446F}.Release|Any CPU.Build.0 = Release|Any CPU
		{9A0C3019-38E2-4173-8C73-F1E5F3F31578}.Debug|Any CPU.ActiveCfg = Debug|Any CPU
		{9A0C3019-38E2-4173-8C73-F1E5F3F31578}.Debug|Any CPU.Build.0 = Debug|Any CPU
		{9A0C3019-38E2-4173-8C73-F1E5F3F31578}.Release|Any CPU.ActiveCfg = Release|Any CPU
		{9A0C3019-38E2-4173-8C73-F1E5F3F31578}.Release|Any CPU.Build.0 = Release|Any CPU
		{9B02BB30-6836-46B7-8399-3BC0FF305319}.Debug|Any CPU.ActiveCfg = Debug|Any CPU
		{9B02BB30-6836-46B7-8399-3BC0FF305319}.Debug|Any CPU.Build.0 = Debug|Any CPU
		{9B02BB30-6836-46B7-8399-3BC0FF305319}.Release|Any CPU.ActiveCfg = Release|Any CPU
		{9B02BB30-6836-46B7-8399-3BC0FF305319}.Release|Any CPU.Build.0 = Release|Any CPU
	EndGlobalSection
	GlobalSection(SolutionProperties) = preSolution
		HideSolutionNode = FALSE
	EndGlobalSection
	GlobalSection(ExtensibilityGlobals) = postSolution
		SolutionGuid = {01ECF90E-52B2-4F5B-B9CB-B225B362A1ED}
	EndGlobalSection
EndGlobal
